// !$*UTF8*$!
{
	archiveVersion = 1;
	classes = {
	};
	objectVersion = 46;
	objects = {

/* Begin PBXBuildFile section */
		4A83B6AD1F15F8C9001CA074 /* AppDelegate.swift in Sources */ = {isa = PBXBuildFile; fileRef = 4A83B6AC1F15F8C9001CA074 /* AppDelegate.swift */; };
		4A83B6AF1F15F8C9001CA074 /* ViewController.swift in Sources */ = {isa = PBXBuildFile; fileRef = 4A83B6AE1F15F8C9001CA074 /* ViewController.swift */; };
		4A83B6B21F15F8C9001CA074 /* Main.storyboard in Resources */ = {isa = PBXBuildFile; fileRef = 4A83B6B01F15F8C9001CA074 /* Main.storyboard */; };
		4A83B6B41F15F8C9001CA074 /* Assets.xcassets in Resources */ = {isa = PBXBuildFile; fileRef = 4A83B6B31F15F8C9001CA074 /* Assets.xcassets */; };
		4A83B6B71F15F8C9001CA074 /* LaunchScreen.storyboard in Resources */ = {isa = PBXBuildFile; fileRef = 4A83B6B51F15F8C9001CA074 /* LaunchScreen.storyboard */; };
		4A83B6C21F15F8C9001CA074 /* ViewControllerAnimationDemoTests.swift in Sources */ = {isa = PBXBuildFile; fileRef = 4A83B6C11F15F8C9001CA074 /* ViewControllerAnimationDemoTests.swift */; };
		4A83B6CD1F15F8C9001CA074 /* ViewControllerAnimationDemoUITests.swift in Sources */ = {isa = PBXBuildFile; fileRef = 4A83B6CC1F15F8C9001CA074 /* ViewControllerAnimationDemoUITests.swift */; };
		4A83B6DB1F15FE33001CA074 /* TableViewController.swift in Sources */ = {isa = PBXBuildFile; fileRef = 4A83B6DA1F15FE33001CA074 /* TableViewController.swift */; };
/* End PBXBuildFile section */

/* Begin PBXContainerItemProxy section */
		4A83B6BE1F15F8C9001CA074 /* PBXContainerItemProxy */ = {
			isa = PBXContainerItemProxy;
			containerPortal = 4A83B6A11F15F8C9001CA074 /* Project object */;
			proxyType = 1;
			remoteGlobalIDString = 4A83B6A81F15F8C9001CA074;
			remoteInfo = ViewControllerAnimationDemo;
		};
		4A83B6C91F15F8C9001CA074 /* PBXContainerItemProxy */ = {
			isa = PBXContainerItemProxy;
			containerPortal = 4A83B6A11F15F8C9001CA074 /* Project object */;
			proxyType = 1;
			remoteGlobalIDString = 4A83B6A81F15F8C9001CA074;
			remoteInfo = ViewControllerAnimationDemo;
		};
/* End PBXContainerItemProxy section */

/* Begin PBXFileReference section */
		4A83B6A91F15F8C9001CA074 /* ViewControllerAnimationDemo.app */ = {isa = PBXFileReference; explicitFileType = wrapper.application; includeInIndex = 0; path = ViewControllerAnimationDemo.app; sourceTree = BUILT_PRODUCTS_DIR; };
		4A83B6AC1F15F8C9001CA074 /* AppDelegate.swift */ = {isa = PBXFileReference; lastKnownFileType = sourcecode.swift; path = AppDelegate.swift; sourceTree = "<group>"; };
		4A83B6AE1F15F8C9001CA074 /* ViewController.swift */ = {isa = PBXFileReference; lastKnownFileType = sourcecode.swift; path = ViewController.swift; sourceTree = "<group>"; };
		4A83B6B11F15F8C9001CA074 /* Base */ = {isa = PBXFileReference; lastKnownFileType = file.storyboard; name = Base; path = Base.lproj/Main.storyboard; sourceTree = "<group>"; };
		4A83B6B31F15F8C9001CA074 /* Assets.xcassets */ = {isa = PBXFileReference; lastKnownFileType = folder.assetcatalog; path = Assets.xcassets; sourceTree = "<group>"; };
		4A83B6B61F15F8C9001CA074 /* Base */ = {isa = PBXFileReference; lastKnownFileType = file.storyboard; name = Base; path = Base.lproj/LaunchScreen.storyboard; sourceTree = "<group>"; };
		4A83B6B81F15F8C9001CA074 /* Info.plist */ = {isa = PBXFileReference; lastKnownFileType = text.plist.xml; path = Info.plist; sourceTree = "<group>"; };
		4A83B6BD1F15F8C9001CA074 /* ViewControllerAnimationDemoTests.xctest */ = {isa = PBXFileReference; explicitFileType = wrapper.cfbundle; includeInIndex = 0; path = ViewControllerAnimationDemoTests.xctest; sourceTree = BUILT_PRODUCTS_DIR; };
		4A83B6C11F15F8C9001CA074 /* ViewControllerAnimationDemoTests.swift */ = {isa = PBXFileReference; lastKnownFileType = sourcecode.swift; path = ViewControllerAnimationDemoTests.swift; sourceTree = "<group>"; };
		4A83B6C31F15F8C9001CA074 /* Info.plist */ = {isa = PBXFileReference; lastKnownFileType = text.plist.xml; path = Info.plist; sourceTree = "<group>"; };
		4A83B6C81F15F8C9001CA074 /* ViewControllerAnimationDemoUITests.xctest */ = {isa = PBXFileReference; explicitFileType = wrapper.cfbundle; includeInIndex = 0; path = ViewControllerAnimationDemoUITests.xctest; sourceTree = BUILT_PRODUCTS_DIR; };
		4A83B6CC1F15F8C9001CA074 /* ViewControllerAnimationDemoUITests.swift */ = {isa = PBXFileReference; lastKnownFileType = sourcecode.swift; path = ViewControllerAnimationDemoUITests.swift; sourceTree = "<group>"; };
		4A83B6CE1F15F8C9001CA074 /* Info.plist */ = {isa = PBXFileReference; lastKnownFileType = text.plist.xml; path = Info.plist; sourceTree = "<group>"; };
		4A83B6DA1F15FE33001CA074 /* TableViewController.swift */ = {isa = PBXFileReference; fileEncoding = 4; lastKnownFileType = sourcecode.swift; path = TableViewController.swift; sourceTree = "<group>"; };
/* End PBXFileReference section */

/* Begin PBXFrameworksBuildPhase section */
		4A83B6A61F15F8C9001CA074 /* Frameworks */ = {
			isa = PBXFrameworksBuildPhase;
			buildActionMask = 2147483647;
			files = (
			);
			runOnlyForDeploymentPostprocessing = 0;
		};
		4A83B6BA1F15F8C9001CA074 /* Frameworks */ = {
			isa = PBXFrameworksBuildPhase;
			buildActionMask = 2147483647;
			files = (
			);
			runOnlyForDeploymentPostprocessing = 0;
		};
		4A83B6C51F15F8C9001CA074 /* Frameworks */ = {
			isa = PBXFrameworksBuildPhase;
			buildActionMask = 2147483647;
			files = (
			);
			runOnlyForDeploymentPostprocessing = 0;
		};
/* End PBXFrameworksBuildPhase section */

/* Begin PBXGroup section */
		4A83B6A01F15F8C9001CA074 = {
			isa = PBXGroup;
			children = (
				4A83B6AB1F15F8C9001CA074 /* ViewControllerAnimationDemo */,
				4A83B6C01F15F8C9001CA074 /* ViewControllerAnimationDemoTests */,
				4A83B6CB1F15F8C9001CA074 /* ViewControllerAnimationDemoUITests */,
				4A83B6AA1F15F8C9001CA074 /* Products */,
			);
			sourceTree = "<group>";
		};
		4A83B6AA1F15F8C9001CA074 /* Products */ = {
			isa = PBXGroup;
			children = (
				4A83B6A91F15F8C9001CA074 /* ViewControllerAnimationDemo.app */,
				4A83B6BD1F15F8C9001CA074 /* ViewControllerAnimationDemoTests.xctest */,
				4A83B6C81F15F8C9001CA074 /* ViewControllerAnimationDemoUITests.xctest */,
			);
			name = Products;
			sourceTree = "<group>";
		};
		4A83B6AB1F15F8C9001CA074 /* ViewControllerAnimationDemo */ = {
			isa = PBXGroup;
			children = (
				4A83B6AC1F15F8C9001CA074 /* AppDelegate.swift */,
				4A83B6AE1F15F8C9001CA074 /* ViewController.swift */,
				4A83B6DA1F15FE33001CA074 /* TableViewController.swift */,
				4A83B6B01F15F8C9001CA074 /* Main.storyboard */,
				4A83B6B31F15F8C9001CA074 /* Assets.xcassets */,
				4A83B6B51F15F8C9001CA074 /* LaunchScreen.storyboard */,
				4A83B6B81F15F8C9001CA074 /* Info.plist */,
			);
			path = ViewControllerAnimationDemo;
			sourceTree = "<group>";
		};
		4A83B6C01F15F8C9001CA074 /* ViewControllerAnimationDemoTests */ = {
			isa = PBXGroup;
			children = (
				4A83B6C11F15F8C9001CA074 /* ViewControllerAnimationDemoTests.swift */,
				4A83B6C31F15F8C9001CA074 /* Info.plist */,
			);
			path = ViewControllerAnimationDemoTests;
			sourceTree = "<group>";
		};
		4A83B6CB1F15F8C9001CA074 /* ViewControllerAnimationDemoUITests */ = {
			isa = PBXGroup;
			children = (
				4A83B6CC1F15F8C9001CA074 /* ViewControllerAnimationDemoUITests.swift */,
				4A83B6CE1F15F8C9001CA074 /* Info.plist */,
			);
			path = ViewControllerAnimationDemoUITests;
			sourceTree = "<group>";
		};
/* End PBXGroup section */

/* Begin PBXNativeTarget section */
		4A83B6A81F15F8C9001CA074 /* ViewControllerAnimationDemo */ = {
			isa = PBXNativeTarget;
			buildConfigurationList = 4A83B6D11F15F8C9001CA074 /* Build configuration list for PBXNativeTarget "ViewControllerAnimationDemo" */;
			buildPhases = (
				4A83B6A51F15F8C9001CA074 /* Sources */,
				4A83B6A61F15F8C9001CA074 /* Frameworks */,
				4A83B6A71F15F8C9001CA074 /* Resources */,
			);
			buildRules = (
			);
			dependencies = (
			);
			name = ViewControllerAnimationDemo;
			productName = ViewControllerAnimationDemo;
			productReference = 4A83B6A91F15F8C9001CA074 /* ViewControllerAnimationDemo.app */;
			productType = "com.apple.product-type.application";
		};
		4A83B6BC1F15F8C9001CA074 /* ViewControllerAnimationDemoTests */ = {
			isa = PBXNativeTarget;
			buildConfigurationList = 4A83B6D41F15F8C9001CA074 /* Build configuration list for PBXNativeTarget "ViewControllerAnimationDemoTests" */;
			buildPhases = (
				4A83B6B91F15F8C9001CA074 /* Sources */,
				4A83B6BA1F15F8C9001CA074 /* Frameworks */,
				4A83B6BB1F15F8C9001CA074 /* Resources */,
			);
			buildRules = (
			);
			dependencies = (
				4A83B6BF1F15F8C9001CA074 /* PBXTargetDependency */,
			);
			name = ViewControllerAnimationDemoTests;
			productName = ViewControllerAnimationDemoTests;
			productReference = 4A83B6BD1F15F8C9001CA074 /* ViewControllerAnimationDemoTests.xctest */;
			productType = "com.apple.product-type.bundle.unit-test";
		};
		4A83B6C71F15F8C9001CA074 /* ViewControllerAnimationDemoUITests */ = {
			isa = PBXNativeTarget;
			buildConfigurationList = 4A83B6D71F15F8C9001CA074 /* Build configuration list for PBXNativeTarget "ViewControllerAnimationDemoUITests" */;
			buildPhases = (
				4A83B6C41F15F8C9001CA074 /* Sources */,
				4A83B6C51F15F8C9001CA074 /* Frameworks */,
				4A83B6C61F15F8C9001CA074 /* Resources */,
			);
			buildRules = (
			);
			dependencies = (
				4A83B6CA1F15F8C9001CA074 /* PBXTargetDependency */,
			);
			name = ViewControllerAnimationDemoUITests;
			productName = ViewControllerAnimationDemoUITests;
			productReference = 4A83B6C81F15F8C9001CA074 /* ViewControllerAnimationDemoUITests.xctest */;
			productType = "com.apple.product-type.bundle.ui-testing";
		};
/* End PBXNativeTarget section */

/* Begin PBXProject section */
		4A83B6A11F15F8C9001CA074 /* Project object */ = {
			isa = PBXProject;
			attributes = {
				LastSwiftUpdateCheck = 0830;
				LastUpgradeCheck = 0830;
				ORGANIZATIONNAME = "Kaibo Lu";
				TargetAttributes = {
					4A83B6A81F15F8C9001CA074 = {
						CreatedOnToolsVersion = 8.3.3;
						ProvisioningStyle = Automatic;
					};
					4A83B6BC1F15F8C9001CA074 = {
						CreatedOnToolsVersion = 8.3.3;
						ProvisioningStyle = Automatic;
						TestTargetID = 4A83B6A81F15F8C9001CA074;
					};
					4A83B6C71F15F8C9001CA074 = {
						CreatedOnToolsVersion = 8.3.3;
						ProvisioningStyle = Automatic;
						TestTargetID = 4A83B6A81F15F8C9001CA074;
					};
				};
			};
			buildConfigurationList = 4A83B6A41F15F8C9001CA074 /* Build configuration list for PBXProject "ViewControllerAnimationDemo" */;
			compatibilityVersion = "Xcode 3.2";
			developmentRegion = English;
			hasScannedForEncodings = 0;
			knownRegions = (
				en,
				Base,
			);
			mainGroup = 4A83B6A01F15F8C9001CA074;
			productRefGroup = 4A83B6AA1F15F8C9001CA074 /* Products */;
			projectDirPath = "";
			projectRoot = "";
			targets = (
				4A83B6A81F15F8C9001CA074 /* ViewControllerAnimationDemo */,
				4A83B6BC1F15F8C9001CA074 /* ViewControllerAnimationDemoTests */,
				4A83B6C71F15F8C9001CA074 /* ViewControllerAnimationDemoUITests */,
			);
		};
/* End PBXProject section */

/* Begin PBXResourcesBuildPhase section */
		4A83B6A71F15F8C9001CA074 /* Resources */ = {
			isa = PBXResourcesBuildPhase;
			buildActionMask = 2147483647;
			files = (
				4A83B6B71F15F8C9001CA074 /* LaunchScreen.storyboard in Resources */,
				4A83B6B41F15F8C9001CA074 /* Assets.xcassets in Resources */,
				4A83B6B21F15F8C9001CA074 /* Main.storyboard in Resources */,
			);
			runOnlyForDeploymentPostprocessing = 0;
		};
		4A83B6BB1F15F8C9001CA074 /* Resources */ = {
			isa = PBXResourcesBuildPhase;
			buildActionMask = 2147483647;
			files = (
			);
			runOnlyForDeploymentPostprocessing = 0;
		};
		4A83B6C61F15F8C9001CA074 /* Resources */ = {
			isa = PBXResourcesBuildPhase;
			buildActionMask = 2147483647;
			files = (
			);
			runOnlyForDeploymentPostprocessing = 0;
		};
/* End PBXResourcesBuildPhase section */

/* Begin PBXSourcesBuildPhase section */
		4A83B6A51F15F8C9001CA074 /* Sources */ = {
			isa = PBXSourcesBuildPhase;
			buildActionMask = 2147483647;
			files = (
				4A83B6AF1F15F8C9001CA074 /* ViewController.swift in Sources */,
				4A83B6DB1F15FE33001CA074 /* TableViewController.swift in Sources */,
				4A83B6AD1F15F8C9001CA074 /* AppDelegate.swift in Sources */,
			);
			runOnlyForDeploymentPostprocessing = 0;
		};
		4A83B6B91F15F8C9001CA074 /* Sources */ = {
			isa = PBXSourcesBuildPhase;
			buildActionMask = 2147483647;
			files = (
				4A83B6C21F15F8C9001CA074 /* ViewControllerAnimationDemoTests.swift in Sources */,
			);
			runOnlyForDeploymentPostprocessing = 0;
		};
		4A83B6C41F15F8C9001CA074 /* Sources */ = {
			isa = PBXSourcesBuildPhase;
			buildActionMask = 2147483647;
			files = (
				4A83B6CD1F15F8C9001CA074 /* ViewControllerAnimationDemoUITests.swift in Sources */,
			);
			runOnlyForDeploymentPostprocessing = 0;
		};
/* End PBXSourcesBuildPhase section */

/* Begin PBXTargetDependency section */
		4A83B6BF1F15F8C9001CA074 /* PBXTargetDependency */ = {
			isa = PBXTargetDependency;
			target = 4A83B6A81F15F8C9001CA074 /* ViewControllerAnimationDemo */;
			targetProxy = 4A83B6BE1F15F8C9001CA074 /* PBXContainerItemProxy */;
		};
		4A83B6CA1F15F8C9001CA074 /* PBXTargetDependency */ = {
			isa = PBXTargetDependency;
			target = 4A83B6A81F15F8C9001CA074 /* ViewControllerAnimationDemo */;
			targetProxy = 4A83B6C91F15F8C9001CA074 /* PBXContainerItemProxy */;
		};
/* End PBXTargetDependency section */

/* Begin PBXVariantGroup section */
		4A83B6B01F15F8C9001CA074 /* Main.storyboard */ = {
			isa = PBXVariantGroup;
			children = (
				4A83B6B11F15F8C9001CA074 /* Base */,
			);
			name = Main.storyboard;
			sourceTree = "<group>";
		};
		4A83B6B51F15F8C9001CA074 /* LaunchScreen.storyboard */ = {
			isa = PBXVariantGroup;
			children = (
				4A83B6B61F15F8C9001CA074 /* Base */,
			);
			name = LaunchScreen.storyboard;
			sourceTree = "<group>";
		};
/* End PBXVariantGroup section */

/* Begin XCBuildConfiguration section */
		4A83B6CF1F15F8C9001CA074 /* Debug */ = {
			isa = XCBuildConfiguration;
			buildSettings = {
				ALWAYS_SEARCH_USER_PATHS = NO;
				CLANG_ANALYZER_NONNULL = YES;
				CLANG_ANALYZER_NUMBER_OBJECT_CONVERSION = YES_AGGRESSIVE;
				CLANG_CXX_LANGUAGE_STANDARD = "gnu++0x";
				CLANG_CXX_LIBRARY = "libc++";
				CLANG_ENABLE_MODULES = YES;
				CLANG_ENABLE_OBJC_ARC = YES;
				CLANG_WARN_BOOL_CONVERSION = YES;
				CLANG_WARN_CONSTANT_CONVERSION = YES;
				CLANG_WARN_DIRECT_OBJC_ISA_USAGE = YES_ERROR;
				CLANG_WARN_DOCUMENTATION_COMMENTS = YES;
				CLANG_WARN_EMPTY_BODY = YES;
				CLANG_WARN_ENUM_CONVERSION = YES;
				CLANG_WARN_INFINITE_RECURSION = YES;
				CLANG_WARN_INT_CONVERSION = YES;
				CLANG_WARN_OBJC_ROOT_CLASS = YES_ERROR;
				CLANG_WARN_SUSPICIOUS_MOVE = YES;
				CLANG_WARN_UNREACHABLE_CODE = YES;
				CLANG_WARN__DUPLICATE_METHOD_MATCH = YES;
				"CODE_SIGN_IDENTITY[sdk=iphoneos*]" = "iPhone Developer";
				COPY_PHASE_STRIP = NO;
				DEBUG_INFORMATION_FORMAT = dwarf;
				ENABLE_STRICT_OBJC_MSGSEND = YES;
				ENABLE_TESTABILITY = YES;
				GCC_C_LANGUAGE_STANDARD = gnu99;
				GCC_DYNAMIC_NO_PIC = NO;
				GCC_NO_COMMON_BLOCKS = YES;
				GCC_OPTIMIZATION_LEVEL = 0;
				GCC_PREPROCESSOR_DEFINITIONS = (
					"DEBUG=1",
					"$(inherited)",
				);
				GCC_WARN_64_TO_32_BIT_CONVERSION = YES;
				GCC_WARN_ABOUT_RETURN_TYPE = YES_ERROR;
				GCC_WARN_UNDECLARED_SELECTOR = YES;
				GCC_WARN_UNINITIALIZED_AUTOS = YES_AGGRESSIVE;
				GCC_WARN_UNUSED_FUNCTION = YES;
				GCC_WARN_UNUSED_VARIABLE = YES;
				IPHONEOS_DEPLOYMENT_TARGET = 10.3;
				MTL_ENABLE_DEBUG_INFO = YES;
				ONLY_ACTIVE_ARCH = YES;
				SDKROOT = iphoneos;
				SWIFT_ACTIVE_COMPILATION_CONDITIONS = DEBUG;
				SWIFT_OPTIMIZATION_LEVEL = "-Onone";
				TARGETED_DEVICE_FAMILY = "1,2";
			};
			name = Debug;
		};
		4A83B6D01F15F8C9001CA074 /* Release */ = {
			isa = XCBuildConfiguration;
			buildSettings = {
				ALWAYS_SEARCH_USER_PATHS = NO;
				CLANG_ANALYZER_NONNULL = YES;
				CLANG_ANALYZER_NUMBER_OBJECT_CONVERSION = YES_AGGRESSIVE;
				CLANG_CXX_LANGUAGE_STANDARD = "gnu++0x";
				CLANG_CXX_LIBRARY = "libc++";
				CLANG_ENABLE_MODULES = YES;
				CLANG_ENABLE_OBJC_ARC = YES;
				CLANG_WARN_BOOL_CONVERSION = YES;
				CLANG_WARN_CONSTANT_CONVERSION = YES;
				CLANG_WARN_DIRECT_OBJC_ISA_USAGE = YES_ERROR;
				CLANG_WARN_DOCUMENTATION_COMMENTS = YES;
				CLANG_WARN_EMPTY_BODY = YES;
				CLANG_WARN_ENUM_CONVERSION = YES;
				CLANG_WARN_INFINITE_RECURSION = YES;
				CLANG_WARN_INT_CONVERSION = YES;
				CLANG_WARN_OBJC_ROOT_CLASS = YES_ERROR;
				CLANG_WARN_SUSPICIOUS_MOVE = YES;
				CLANG_WARN_UNREACHABLE_CODE = YES;
				CLANG_WARN__DUPLICATE_METHOD_MATCH = YES;
				"CODE_SIGN_IDENTITY[sdk=iphoneos*]" = "iPhone Developer";
				COPY_PHASE_STRIP = NO;
				DEBUG_INFORMATION_FORMAT = "dwarf-with-dsym";
				ENABLE_NS_ASSERTIONS = NO;
				ENABLE_STRICT_OBJC_MSGSEND = YES;
				GCC_C_LANGUAGE_STANDARD = gnu99;
				GCC_NO_COMMON_BLOCKS = YES;
				GCC_WARN_64_TO_32_BIT_CONVERSION = YES;
				GCC_WARN_ABOUT_RETURN_TYPE = YES_ERROR;
				GCC_WARN_UNDECLARED_SELECTOR = YES;
				GCC_WARN_UNINITIALIZED_AUTOS = YES_AGGRESSIVE;
				GCC_WARN_UNUSED_FUNCTION = YES;
				GCC_WARN_UNUSED_VARIABLE = YES;
				IPHONEOS_DEPLOYMENT_TARGET = 10.3;
				MTL_ENABLE_DEBUG_INFO = NO;
				SDKROOT = iphoneos;
				SWIFT_OPTIMIZATION_LEVEL = "-Owholemodule";
				TARGETED_DEVICE_FAMILY = "1,2";
				VALIDATE_PRODUCT = YES;
			};
			name = Release;
		};
		4A83B6D21F15F8C9001CA074 /* Debug */ = {
			isa = XCBuildConfiguration;
			buildSettings = {
				ASSETCATALOG_COMPILER_APPICON_NAME = AppIcon;
				INFOPLIST_FILE = ViewControllerAnimationDemo/Info.plist;
				LD_RUNPATH_SEARCH_PATHS = "$(inherited) @executable_path/Frameworks";
				PRODUCT_BUNDLE_IDENTIFIER = Kaibo.ViewControllerAnimationDemo;
				PRODUCT_NAME = "$(TARGET_NAME)";
				SWIFT_VERSION = 3.0;
			};
			name = Debug;
		};
		4A83B6D31F15F8C9001CA074 /* Release */ = {
			isa = XCBuildConfiguration;
			buildSettings = {
				ASSETCATALOG_COMPILER_APPICON_NAME = AppIcon;
				INFOPLIST_FILE = ViewControllerAnimationDemo/Info.plist;
				LD_RUNPATH_SEARCH_PATHS = "$(inherited) @executable_path/Frameworks";
				PRODUCT_BUNDLE_IDENTIFIER = Kaibo.ViewControllerAnimationDemo;
				PRODUCT_NAME = "$(TARGET_NAME)";
				SWIFT_VERSION = 3.0;
			};
			name = Release;
		};
		4A83B6D51F15F8C9001CA074 /* Debug */ = {
			isa = XCBuildConfiguration;
			buildSettings = {
				ALWAYS_EMBED_SWIFT_STANDARD_LIBRARIES = YES;
				BUNDLE_LOADER = "$(TEST_HOST)";
				INFOPLIST_FILE = ViewControllerAnimationDemoTests/Info.plist;
				LD_RUNPATH_SEARCH_PATHS = "$(inherited) @executable_path/Frameworks @loader_path/Frameworks";
				PRODUCT_BUNDLE_IDENTIFIER = Kaibo.ViewControllerAnimationDemoTests;
				PRODUCT_NAME = "$(TARGET_NAME)";
				SWIFT_VERSION = 3.0;
				TEST_HOST = "$(BUILT_PRODUCTS_DIR)/ViewControllerAnimationDemo.app/ViewControllerAnimationDemo";
			};
			name = Debug;
		};
		4A83B6D61F15F8C9001CA074 /* Release */ = {
			isa = XCBuildConfiguration;
			buildSettings = {
				ALWAYS_EMBED_SWIFT_STANDARD_LIBRARIES = YES;
				BUNDLE_LOADER = "$(TEST_HOST)";
				INFOPLIST_FILE = ViewControllerAnimationDemoTests/Info.plist;
				LD_RUNPATH_SEARCH_PATHS = "$(inherited) @executable_path/Frameworks @loader_path/Frameworks";
				PRODUCT_BUNDLE_IDENTIFIER = Kaibo.ViewControllerAnimationDemoTests;
				PRODUCT_NAME = "$(TARGET_NAME)";
				SWIFT_VERSION = 3.0;
				TEST_HOST = "$(BUILT_PRODUCTS_DIR)/ViewControllerAnimationDemo.app/ViewControllerAnimationDemo";
			};
			name = Release;
		};
		4A83B6D81F15F8C9001CA074 /* Debug */ = {
			isa = XCBuildConfiguration;
			buildSettings = {
				ALWAYS_EMBED_SWIFT_STANDARD_LIBRARIES = YES;
				INFOPLIST_FILE = ViewControllerAnimationDemoUITests/Info.plist;
				LD_RUNPATH_SEARCH_PATHS = "$(inherited) @executable_path/Frameworks @loader_path/Frameworks";
				PRODUCT_BUNDLE_IDENTIFIER = Kaibo.ViewControllerAnimationDemoUITests;
				PRODUCT_NAME = "$(TARGET_NAME)";
				SWIFT_VERSION = 3.0;
				TEST_TARGET_NAME = ViewControllerAnimationDemo;
			};
			name = Debug;
		};
		4A83B6D91F15F8C9001CA074 /* Release */ = {
			isa = XCBuildConfiguration;
			buildSettings = {
				ALWAYS_EMBED_SWIFT_STANDARD_LIBRARIES = YES;
				INFOPLIST_FILE = ViewControllerAnimationDemoUITests/Info.plist;
				LD_RUNPATH_SEARCH_PATHS = "$(inherited) @executable_path/Frameworks @loader_path/Frameworks";
				PRODUCT_BUNDLE_IDENTIFIER = Kaibo.ViewControllerAnimationDemoUITests;
				PRODUCT_NAME = "$(TARGET_NAME)";
				SWIFT_VERSION = 3.0;
				TEST_TARGET_NAME = ViewControllerAnimationDemo;
			};
			name = Release;
		};
/* End XCBuildConfiguration section */

/* Begin XCConfigurationList section */
		4A83B6A41F15F8C9001CA074 /* Build configuration list for PBXProject "ViewControllerAnimationDemo" */ = {
			isa = XCConfigurationList;
			buildConfigurations = (
				4A83B6CF1F15F8C9001CA074 /* Debug */,
				4A83B6D01F15F8C9001CA074 /* Release */,
			);
			defaultConfigurationIsVisible = 0;
			defaultConfigurationName = Release;
		};
		4A83B6D11F15F8C9001CA074 /* Build configuration list for PBXNativeTarget "ViewControllerAnimationDemo" */ = {
			isa = XCConfigurationList;
			buildConfigurations = (
				4A83B6D21F15F8C9001CA074 /* Debug */,
				4A83B6D31F15F8C9001CA074 /* Release */,
			);
			defaultConfigurationIsVisible = 0;
		};
		4A83B6D41F15F8C9001CA074 /* Build configuration list for PBXNativeTarget "ViewControllerAnimationDemoTests" */ = {
			isa = XCConfigurationList;
			buildConfigurations = (
				4A83B6D51F15F8C9001CA074 /* Debug */,
				4A83B6D61F15F8C9001CA074 /* Release */,
			);
			defaultConfigurationIsVisible = 0;
		};
		4A83B6D71F15F8C9001CA074 /* Build configuration list for PBXNativeTarget "ViewControllerAnimationDemoUITests" */ = {
			isa = XCConfigurationList;
			buildConfigurations = (
				4A83B6D81F15F8C9001CA074 /* Debug */,
				4A83B6D91F15F8C9001CA074 /* Release */,
			);
			defaultConfigurationIsVisible = 0;
		};
/* End XCConfigurationList section */
	};
	rootObject = 4A83B6A11F15F8C9001CA074 /* Project object */;
}
